{
  "originHash" : "2e9add9eeaf5105559fefd4834b5a791adad79e3f0f9a2b7ea23e6e6ccba9f8a",
  "pins" : [
    {
      "identity" : "agorainfra_ios",
      "kind" : "remoteSourceControl",
      "location" : "https://github.com/AgoraIO/AgoraInfra_iOS.git",
      "state" : {
        "revision" : "0c21b485af8e64b2716632f2f7badab8705343b1",
        "version" : "1.3.5"
      }
    },
    {
      "identity" : "agorartcengine_ios",
      "kind" : "remoteSourceControl",
      "location" : "https://github.com/AgoraIO/AgoraRtcEngine_iOS",
      "state" : {
        "revision" : "94a477c69f9ad730e2225f54948e87f9f4d77c24",
        "version" : "4.6.2"
      }
    },
    {
      "identity" : "imagekit-ios",
      "kind" : "remoteSourceControl",
      "location" : "https://github.com/imagekit-developer/imagekit-ios.git",
      "state" : {
        "revision" : "22c8b49ac2ef8b2feb88f08484e061f47cc25e3a",
        "version" : "3.1.0"
      }
    },
    {
      "identity" : "purchases-ios",
      "kind" : "remoteSourceControl",
      "location" : "https://github.com/RevenueCat/purchases-ios",
      "state" : {
        "revision" : "4d75c384d9169316d6aa5b74b541c02dd0e345ec",
        "version" : "5.60.0"
      }
    },
    {
      "identity" : "stripe-ios",
      "kind" : "remoteSourceControl",
      "location" : "https://github.com/stripe/stripe-ios",
      "state" : {
        "revision" : "23ca55ffdc2a64702ba0cc406e1bb8d8652413c6",
        "version" : "25.7.1"
      }
    }
  ],
  "version" : 3
}
